
Microsoft Visual Studio Solution File, Format Version 12.00
# Visual Studio Version 17
VisualStudioVersion = 17.1.32414.318
MinimumVisualStudioVersion = 10.0.40219.1
Project("{FAE04EC0-301F-11D3-BF4B-00C04F79EFBC}") = "Sql.Programbility", "Sql.Programbility\Sql.Programbility.csproj", "{5B5C1021-D6E8-4B91-8C8A-42EBE64ED429}"
EndProject
Global
	GlobalSection(SolutionConfigurationPlatforms) = preSolution
		Debug|Any CPU = Debug|Any CPU
		Release|Any CPU = Release|Any CPU
	EndGlobalSection
	GlobalSection(ProjectConfigurationPlatforms) = postSolution
		{5B5C1021-D6E8-4B91-8C8A-42EBE64ED429}.Debug|Any CPU.ActiveCfg = Debug|Any CPU
		{5B5C1021-D6E8-4B91-8C8A-42EBE64ED429}.Debug|Any CPU.Build.0 = Debug|Any CPU
		{5B5C1021-D6E8-4B91-8C8A-42EBE64ED429}.Release|Any CPU.ActiveCfg = Release|Any CPU
		{5B5C1021-D6E8-4B91-8C8A-42EBE64ED429}.Release|Any CPU.Build.0 = Release|Any CPU
	EndGlobalSection
	GlobalSection(SolutionProperties) = preSolution
		HideSolutionNode = FALSE
	EndGlobalSection
	GlobalSection(ExtensibilityGlobals) = postSolution
		SolutionGuid = {AD253DF1-6E23-4E52-B60D-1A305F82FF15}
	EndGlobalSection
EndGlobal
